# This file is autogenerated, do not edit; changes may be undone by the next 'dep ensure'.


[[projects]]
  name = "github.com/davecgh/go-spew"
  packages = ["spew"]
  revision = "8991bc29aa16c548c550c7ff78260e27b9ab7c73"
  version = "v1.1.1"

[[projects]]
  name = "github.com/golang/mock"
  packages = ["gomock"]
  revision = "9fa652df1129bef0e734c9cf9bf6dbae9ef3b9fa"
  version = "1.3.1"

[[projects]]
  name = "github.com/golang/protobuf"
  packages = ["proto","protoc-gen-go","protoc-gen-go/descriptor","protoc-gen-go/generator","protoc-gen-go/generator/internal/remap","protoc-gen-go/grpc","protoc-gen-go/plugin","ptypes","ptypes/any","ptypes/duration","ptypes/timestamp"]
  revision = "b5d812f8a3706043e23a9cd5babf2e5423744d30"
  version = "v1.3.1"

[[projects]]
  name = "github.com/kelseyhightower/envconfig"
  packages = ["."]
  revision = "0b417c4ec4a8a82eecc22a1459a504aa55163d61"
  version = "v1.4.0"

[[projects]]
  name = "github.com/kyoh86/richgo"
  packages = [".","config","editor","editor/test"]
  revision = "c50f72dd541437f8d46811dfc6ffb8045249a99a"
  version = "v0.3.1"

[[projects]]
  name = "github.com/kyoh86/xdg"
  packages = ["."]
  revision = "0527a3bf54c0b9081da3be8d6ceefe0d76c60e78"
  version = "v1.0.0"

[[projects]]
  name = "github.com/mattn/go-isatty"
  packages = ["."]
  revision = "1311e847b0cb909da63b5fecfb5370aa66236465"
  version = "v0.0.8"

[[projects]]
  branch = "master"
  name = "github.com/mkuchenbecker/brewery3"
  packages = ["brewery/gpio","brewery/gpio/handler","brewery/gpio/integration","brewery/gpio/mocks","brewery/model/gomock","brewery/model/gomodel","brewery/servers/brewery","brewery/servers/element","brewery/servers/sensors","brewery/utils"]
  revision = "46656c1718caa92ae792dd2b7dd65dce7e0c6cbb"

[[projects]]
  branch = "master"
  name = "github.com/morikuni/aec"
  packages = ["."]
  revision = "39771216ff4c63d11f5e604076f9c45e8be1067b"

[[projects]]
  name = "github.com/pmezard/go-difflib"
  packages = ["difflib"]
  revision = "792786c7400a136282c1664665ae0a8db921c6c2"
  version = "v1.0.0"

[[projects]]
  name = "github.com/stianeikeland/go-rpio"
  packages = ["."]
  revision = "d43a3ce8186d47f497a6785f997400a1b2f1fdc7"
  version = "v4.4.0"

[[projects]]
  name = "github.com/stretchr/testify"
  packages = ["assert"]
  revision = "ffdc059bfe9ce6a4e144ba849dbedead332c6053"
  version = "v1.3.0"

[[projects]]
  branch = "master"
  name = "github.com/t-yuki/gocover-cobertura"
  packages = ["."]
  revision = "aaee18c8195c3f2d90e5ef80ca918d265463842a"

[[projects]]
  name = "github.com/urfave/cli"
  packages = ["."]
  revision = "cfb38830724cc34fedffe9a2a29fb54fa9169cd1"
  version = "v1.20.0"

[[projects]]
  branch = "master"
  name = "github.com/wacul/ptr"
  packages = ["."]
  revision = "93c3eb3ee7ea73586f612a248e82f91030b7974a"

[[projects]]
  branch = "master"
  name = "github.com/yryz/ds18b20"
  packages = ["."]
  revision = "3cf383a406247c49e48a80014f3e17ddee418742"

[[projects]]
  branch = "master"
  name = "golang.org/x/net"
  packages = ["context","http/httpguts","http2","http2/hpack","idna","internal/timeseries","trace"]
  revision = "da137c7871d730100384dbcf36e6f8fa493aef5b"

[[projects]]
  branch = "master"
  name = "golang.org/x/sys"
  packages = ["unix"]
  revision = "04f50cda93cbb67f2afa353c52f342100e80e625"

[[projects]]
  name = "golang.org/x/text"
  packages = ["collate","collate/build","internal/colltab","internal/gen","internal/language","internal/language/compact","internal/tag","internal/triegen","internal/ucd","language","secure/bidirule","transform","unicode/bidi","unicode/cldr","unicode/norm","unicode/rangetable"]
  revision = "342b2e1fbaa52c93f31447ad2c6abc048c63e475"
  version = "v0.3.2"

[[projects]]
  branch = "master"
  name = "google.golang.org/genproto"
  packages = ["googleapis/rpc/status"]
  revision = "eb59cef1c072c61ea4f7623910448d5e9c6a4455"

[[projects]]
  name = "google.golang.org/grpc"
  packages = [".","balancer","balancer/base","balancer/roundrobin","binarylog/grpc_binarylog_v1","codes","connectivity","credentials","credentials/internal","encoding","encoding/proto","grpclog","internal","internal/backoff","internal/balancerload","internal/binarylog","internal/channelz","internal/envconfig","internal/grpcrand","internal/grpcsync","internal/syscall","internal/transport","keepalive","metadata","naming","peer","reflection","reflection/grpc_reflection_v1alpha","resolver","resolver/dns","resolver/passthrough","stats","status","tap"]
  revision = "501c41df7f472c740d0674ff27122f3f48c80ce7"
  version = "v1.21.1"

[[projects]]
  name = "gopkg.in/yaml.v2"
  packages = ["."]
  revision = "51d6538a90f86fe93ac480b35f37b2be17fef232"
  version = "v2.2.2"

[solve-meta]
  analyzer-name = "dep"
  analyzer-version = 1
  inputs-digest = "8f267fc0c0cfe193eb96429d7a0a7ba1d6b1febadebcf5cabdebdf1dac99879a"
  solver-name = "gps-cdcl"
  solver-version = 1
